
Microsoft Visual Studio Solution File, Format Version 12.00
# Visual Studio Version 17
VisualStudioVersion = 17.3.32901.215
MinimumVisualStudioVersion = 10.0.40219.1
Project("{FAE04EC0-301F-11D3-BF4B-00C04F79EFBC}") = "StudentInternalEvaluationSystem", "StudentInternalEvaluationSystem.csproj", "{C1ACFFB2-18AA-4392-9AD6-C3F8A1FEBC41}"
EndProject
Global
	GlobalSection(SolutionConfigurationPlatforms) = preSolution
		Debug|Any CPU = Debug|Any CPU
		Release|Any CPU = Release|Any CPU
	EndGlobalSection
	GlobalSection(ProjectConfigurationPlatforms) = postSolution
		{C1ACFFB2-18AA-4392-9AD6-C3F8A1FEBC41}.Debug|Any CPU.ActiveCfg = Debug|Any CPU
		{C1ACFFB2-18AA-4392-9AD6-C3F8A1FEBC41}.Debug|Any CPU.Build.0 = Debug|Any CPU
		{C1ACFFB2-18AA-4392-9AD6-C3F8A1FEBC41}.Release|Any CPU.ActiveCfg = Release|Any CPU
		{C1ACFFB2-18AA-4392-9AD6-C3F8A1FEBC41}.Release|Any CPU.Build.0 = Release|Any CPU
	EndGlobalSection
	GlobalSection(SolutionProperties) = preSolution
		HideSolutionNode = FALSE
	EndGlobalSection
	GlobalSection(ExtensibilityGlobals) = postSolution
		SolutionGuid = {789BDF31-C961-4953-A949-FC80E67B7AAA}
	EndGlobalSection
EndGlobal
